
Microsoft Visual Studio Solution File, Format Version 12.00
# Visual Studio 15
VisualStudioVersion = 15.0.28307.421
MinimumVisualStudioVersion = 10.0.40219.1
Project("{2150E333-8FDC-42A3-9474-1A3956D46DE8}") = "0_thirdparty_base", "0_thirdparty_base", "{A08B94E3-25AB-4679-9898-035BAB1029E8}"
EndProject
Project("{8BC9CEB8-8B4A-11D0-8D11-00A0C91BC942}") = "libexpat", "thirdparty\expat-R_2_4_8\libexpat.vcxproj", "{C77A529D-D263-45C7-BAD6-F5E07DE511B5}"
EndProject
Project("{8BC9CEB8-8B4A-11D0-8D11-00A0C91BC942}") = "libjpeg", "thirdparty\jpeg-9e\libjpeg.vcxproj", "{5969AB1D-3891-4E8F-91AD-DF4E5B0EBADF}"
EndProject
Project("{8BC9CEB8-8B4A-11D0-8D11-00A0C91BC942}") = "libzlib", "thirdparty\zlib-1.2.12\libzlib.vcxproj", "{98370A1A-2305-3AE1-8D6B-0841290DE59E}"
EndProject
Project("{8BC9CEB8-8B4A-11D0-8D11-00A0C91BC942}") = "libpng", "thirdparty\png1637\libpng.vcxproj", "{30B09509-2893-3529-A441-F1C5EB136B61}"
EndProject
Project("{8BC9CEB8-8B4A-11D0-8D11-00A0C91BC942}") = "libpcre2", "thirdparty\pcre2-10.40\libpcre2.vcxproj", "{647FC820-E8BC-311B-A785-1D950EEE347F}"
EndProject
Project("{2150E333-8FDC-42A3-9474-1A3956D46DE8}") = "0_thirdparty_wxwidgets", "0_thirdparty_wxwidgets", "{28E66DA1-73D6-4F9F-A13C-F38E495031ED}"
EndProject
Project("{8BC9CEB8-8B4A-11D0-8D11-00A0C91BC942}") = "wxadv", "thirdparty\wxWidgets-3.2.0\wxadv.vcxproj", "{EE31D77A-1DCC-4572-BE99-2A750407F37A}"
	ProjectSection(ProjectDependencies) = postProject
		{7196B64F-E58F-4F14-AC6B-E7F3B605FBD3} = {7196B64F-E58F-4F14-AC6B-E7F3B605FBD3}
	EndProjectSection
EndProject
Project("{8BC9CEB8-8B4A-11D0-8D11-00A0C91BC942}") = "wxbase", "thirdparty\wxWidgets-3.2.0\wxbase.vcxproj", "{43F16DDF-AA6D-4FA5-8897-2D5EE35772C4}"
	ProjectSection(ProjectDependencies) = postProject
		{98370A1A-2305-3AE1-8D6B-0841290DE59E} = {98370A1A-2305-3AE1-8D6B-0841290DE59E}
		{647FC820-E8BC-311B-A785-1D950EEE347F} = {647FC820-E8BC-311B-A785-1D950EEE347F}
	EndProjectSection
EndProject
Project("{8BC9CEB8-8B4A-11D0-8D11-00A0C91BC942}") = "wxcore", "thirdparty\wxWidgets-3.2.0\wxcore.vcxproj", "{7196B64F-E58F-4F14-AC6B-E7F3B605FBD3}"
	ProjectSection(ProjectDependencies) = postProject
		{30B09509-2893-3529-A441-F1C5EB136B61} = {30B09509-2893-3529-A441-F1C5EB136B61}
		{98370A1A-2305-3AE1-8D6B-0841290DE59E} = {98370A1A-2305-3AE1-8D6B-0841290DE59E}
		{5969AB1D-3891-4E8F-91AD-DF4E5B0EBADF} = {5969AB1D-3891-4E8F-91AD-DF4E5B0EBADF}
		{43F16DDF-AA6D-4FA5-8897-2D5EE35772C4} = {43F16DDF-AA6D-4FA5-8897-2D5EE35772C4}
	EndProjectSection
EndProject
Project("{8BC9CEB8-8B4A-11D0-8D11-00A0C91BC942}") = "wxxml", "thirdparty\wxWidgets-3.2.0\wxxml.vcxproj", "{3ED3DDD1-BCD5-49B6-BFEA-6F8D9DE935E5}"
	ProjectSection(ProjectDependencies) = postProject
		{C77A529D-D263-45C7-BAD6-F5E07DE511B5} = {C77A529D-D263-45C7-BAD6-F5E07DE511B5}
		{43F16DDF-AA6D-4FA5-8897-2D5EE35772C4} = {43F16DDF-AA6D-4FA5-8897-2D5EE35772C4}
	EndProjectSection
EndProject
Project("{8BC9CEB8-8B4A-11D0-8D11-00A0C91BC942}") = "wxmedia", "thirdparty\wxWidgets-3.2.0\wxmedia.vcxproj", "{DB7CCFBB-ACC9-49AE-A827-0C1235AC2D73}"
	ProjectSection(ProjectDependencies) = postProject
		{7196B64F-E58F-4F14-AC6B-E7F3B605FBD3} = {7196B64F-E58F-4F14-AC6B-E7F3B605FBD3}
	EndProjectSection
EndProject
Project("{8BC9CEB8-8B4A-11D0-8D11-00A0C91BC942}") = "wxnet", "thirdparty\wxWidgets-3.2.0\wxnet.vcxproj", "{6FA2B56E-9B9D-4904-BCE2-8CB23943583B}"
	ProjectSection(ProjectDependencies) = postProject
		{43F16DDF-AA6D-4FA5-8897-2D5EE35772C4} = {43F16DDF-AA6D-4FA5-8897-2D5EE35772C4}
	EndProjectSection
EndProject
Project("{8BC9CEB8-8B4A-11D0-8D11-00A0C91BC942}") = "wxribbon", "thirdparty\wxWidgets-3.2.0\wxribbon.vcxproj", "{B2DDD554-F061-4144-BFB7-F1BF177F4C96}"
	ProjectSection(ProjectDependencies) = postProject
		{7196B64F-E58F-4F14-AC6B-E7F3B605FBD3} = {7196B64F-E58F-4F14-AC6B-E7F3B605FBD3}
	EndProjectSection
EndProject
Project("{8BC9CEB8-8B4A-11D0-8D11-00A0C91BC942}") = "wxstc", "thirdparty\wxWidgets-3.2.0\wxstc.vcxproj", "{886A16BE-0846-4153-A012-AF23FAE453B9}"
	ProjectSection(ProjectDependencies) = postProject
		{7196B64F-E58F-4F14-AC6B-E7F3B605FBD3} = {7196B64F-E58F-4F14-AC6B-E7F3B605FBD3}
	EndProjectSection
EndProject
Project("{8BC9CEB8-8B4A-11D0-8D11-00A0C91BC942}") = "libscintilla", "thirdparty\scintilla-3.7.2\libscintilla.vcxproj", "{688847AD-0793-3920-BEB5-B9BB6FD7C13F}"
EndProject
Project("{8BC9CEB8-8B4A-11D0-8D11-00A0C91BC942}") = "wxpropgrid", "thirdparty\wxWidgets-3.2.0\wxpropgrid.vcxproj", "{88E3559E-B633-412F-82C7-4CE9E7C8E408}"
	ProjectSection(ProjectDependencies) = postProject
		{7196B64F-E58F-4F14-AC6B-E7F3B605FBD3} = {7196B64F-E58F-4F14-AC6B-E7F3B605FBD3}
	EndProjectSection
EndProject
Project("{8BC9CEB8-8B4A-11D0-8D11-00A0C91BC942}") = "wxhtml", "thirdparty\wxWidgets-3.2.0\wxhtml.vcxproj", "{9E41B88D-531C-456C-9897-4722C9C2BE75}"
	ProjectSection(ProjectDependencies) = postProject
		{7196B64F-E58F-4F14-AC6B-E7F3B605FBD3} = {7196B64F-E58F-4F14-AC6B-E7F3B605FBD3}
	EndProjectSection
EndProject
Project("{8BC9CEB8-8B4A-11D0-8D11-00A0C91BC942}") = "wxrichtext", "thirdparty\wxWidgets-3.2.0\wxrichtext.vcxproj", "{B526B7B7-EE43-4F8D-9A50-44D6DCE618FC}"
	ProjectSection(ProjectDependencies) = postProject
		{7196B64F-E58F-4F14-AC6B-E7F3B605FBD3} = {7196B64F-E58F-4F14-AC6B-E7F3B605FBD3}
		{9E41B88D-531C-456C-9897-4722C9C2BE75} = {9E41B88D-531C-456C-9897-4722C9C2BE75}
		{3ED3DDD1-BCD5-49B6-BFEA-6F8D9DE935E5} = {3ED3DDD1-BCD5-49B6-BFEA-6F8D9DE935E5}
		{43F16DDF-AA6D-4FA5-8897-2D5EE35772C4} = {43F16DDF-AA6D-4FA5-8897-2D5EE35772C4}
	EndProjectSection
EndProject
Project("{8BC9CEB8-8B4A-11D0-8D11-00A0C91BC942}") = "wxaui", "thirdparty\wxWidgets-3.2.0\wxaui.vcxproj", "{EBB073E7-0656-4AF0-BBC8-DB58D079F134}"
	ProjectSection(ProjectDependencies) = postProject
		{7196B64F-E58F-4F14-AC6B-E7F3B605FBD3} = {7196B64F-E58F-4F14-AC6B-E7F3B605FBD3}
	EndProjectSection
EndProject
Project("{8BC9CEB8-8B4A-11D0-8D11-00A0C91BC942}") = "wxgl", "thirdparty\wxWidgets-3.2.0\wxgl.vcxproj", "{C34A439A-2260-46BE-B2F5-D556E234339E}"
	ProjectSection(ProjectDependencies) = postProject
		{7196B64F-E58F-4F14-AC6B-E7F3B605FBD3} = {7196B64F-E58F-4F14-AC6B-E7F3B605FBD3}
	EndProjectSection
EndProject
Project("{8BC9CEB8-8B4A-11D0-8D11-00A0C91BC942}") = "wxqa", "thirdparty\wxWidgets-3.2.0\wxqa.vcxproj", "{7571B506-CD66-444F-B40C-6FDFE3AE8AFC}"
	ProjectSection(ProjectDependencies) = postProject
		{7196B64F-E58F-4F14-AC6B-E7F3B605FBD3} = {7196B64F-E58F-4F14-AC6B-E7F3B605FBD3}
		{3ED3DDD1-BCD5-49B6-BFEA-6F8D9DE935E5} = {3ED3DDD1-BCD5-49B6-BFEA-6F8D9DE935E5}
		{43F16DDF-AA6D-4FA5-8897-2D5EE35772C4} = {43F16DDF-AA6D-4FA5-8897-2D5EE35772C4}
	EndProjectSection
EndProject
Project("{8BC9CEB8-8B4A-11D0-8D11-00A0C91BC942}") = "wxwebview", "thirdparty\wxWidgets-3.2.0\wxwebview.vcxproj", "{9CEAC729-344A-4710-B9C3-5A08955D53AA}"
	ProjectSection(ProjectDependencies) = postProject
		{7196B64F-E58F-4F14-AC6B-E7F3B605FBD3} = {7196B64F-E58F-4F14-AC6B-E7F3B605FBD3}
	EndProjectSection
EndProject
Project("{8BC9CEB8-8B4A-11D0-8D11-00A0C91BC942}") = "wxxrc", "thirdparty\wxWidgets-3.2.0\wxxrc.vcxproj", "{7DC7EBF4-E8EC-463A-B1A1-38258E5A99E7}"
	ProjectSection(ProjectDependencies) = postProject
		{7196B64F-E58F-4F14-AC6B-E7F3B605FBD3} = {7196B64F-E58F-4F14-AC6B-E7F3B605FBD3}
	EndProjectSection
EndProject
Project("{8BC9CEB8-8B4A-11D0-8D11-00A0C91BC942}") = "libtiff", "thirdparty\tiff-4.4.0\libtiff.vcxproj", "{89DC3EA3-9065-4245-9DEE-2DE898409964}"
EndProject
Global
	GlobalSection(SolutionConfigurationPlatforms) = preSolution
		Debug|x64 = Debug|x64
		Release|x64 = Release|x64
	EndGlobalSection
	GlobalSection(ProjectConfigurationPlatforms) = postSolution
		{C77A529D-D263-45C7-BAD6-F5E07DE511B5}.Debug|x64.ActiveCfg = Debug|x64
		{C77A529D-D263-45C7-BAD6-F5E07DE511B5}.Debug|x64.Build.0 = Debug|x64
		{C77A529D-D263-45C7-BAD6-F5E07DE511B5}.Release|x64.ActiveCfg = Release|x64
		{C77A529D-D263-45C7-BAD6-F5E07DE511B5}.Release|x64.Build.0 = Release|x64
		{5969AB1D-3891-4E8F-91AD-DF4E5B0EBADF}.Debug|x64.ActiveCfg = Debug|x64
		{5969AB1D-3891-4E8F-91AD-DF4E5B0EBADF}.Debug|x64.Build.0 = Debug|x64
		{5969AB1D-3891-4E8F-91AD-DF4E5B0EBADF}.Release|x64.ActiveCfg = Release|x64
		{5969AB1D-3891-4E8F-91AD-DF4E5B0EBADF}.Release|x64.Build.0 = Release|x64
		{98370A1A-2305-3AE1-8D6B-0841290DE59E}.Debug|x64.ActiveCfg = Debug|x64
		{98370A1A-2305-3AE1-8D6B-0841290DE59E}.Debug|x64.Build.0 = Debug|x64
		{98370A1A-2305-3AE1-8D6B-0841290DE59E}.Release|x64.ActiveCfg = Release|x64
		{98370A1A-2305-3AE1-8D6B-0841290DE59E}.Release|x64.Build.0 = Release|x64
		{30B09509-2893-3529-A441-F1C5EB136B61}.Debug|x64.ActiveCfg = Debug|x64
		{30B09509-2893-3529-A441-F1C5EB136B61}.Debug|x64.Build.0 = Debug|x64
		{30B09509-2893-3529-A441-F1C5EB136B61}.Release|x64.ActiveCfg = Release|x64
		{30B09509-2893-3529-A441-F1C5EB136B61}.Release|x64.Build.0 = Release|x64
		{647FC820-E8BC-311B-A785-1D950EEE347F}.Debug|x64.ActiveCfg = Debug|x64
		{647FC820-E8BC-311B-A785-1D950EEE347F}.Debug|x64.Build.0 = Debug|x64
		{647FC820-E8BC-311B-A785-1D950EEE347F}.Release|x64.ActiveCfg = Release|x64
		{647FC820-E8BC-311B-A785-1D950EEE347F}.Release|x64.Build.0 = Release|x64
		{EE31D77A-1DCC-4572-BE99-2A750407F37A}.Debug|x64.ActiveCfg = Debug|x64
		{EE31D77A-1DCC-4572-BE99-2A750407F37A}.Debug|x64.Build.0 = Debug|x64
		{EE31D77A-1DCC-4572-BE99-2A750407F37A}.Release|x64.ActiveCfg = Release|x64
		{EE31D77A-1DCC-4572-BE99-2A750407F37A}.Release|x64.Build.0 = Release|x64
		{43F16DDF-AA6D-4FA5-8897-2D5EE35772C4}.Debug|x64.ActiveCfg = Debug|x64
		{43F16DDF-AA6D-4FA5-8897-2D5EE35772C4}.Debug|x64.Build.0 = Debug|x64
		{43F16DDF-AA6D-4FA5-8897-2D5EE35772C4}.Release|x64.ActiveCfg = Release|x64
		{43F16DDF-AA6D-4FA5-8897-2D5EE35772C4}.Release|x64.Build.0 = Release|x64
		{7196B64F-E58F-4F14-AC6B-E7F3B605FBD3}.Debug|x64.ActiveCfg = Debug|x64
		{7196B64F-E58F-4F14-AC6B-E7F3B605FBD3}.Debug|x64.Build.0 = Debug|x64
		{7196B64F-E58F-4F14-AC6B-E7F3B605FBD3}.Release|x64.ActiveCfg = Release|x64
		{7196B64F-E58F-4F14-AC6B-E7F3B605FBD3}.Release|x64.Build.0 = Release|x64
		{3ED3DDD1-BCD5-49B6-BFEA-6F8D9DE935E5}.Debug|x64.ActiveCfg = Debug|x64
		{3ED3DDD1-BCD5-49B6-BFEA-6F8D9DE935E5}.Debug|x64.Build.0 = Debug|x64
		{3ED3DDD1-BCD5-49B6-BFEA-6F8D9DE935E5}.Release|x64.ActiveCfg = Release|x64
		{3ED3DDD1-BCD5-49B6-BFEA-6F8D9DE935E5}.Release|x64.Build.0 = Release|x64
		{DB7CCFBB-ACC9-49AE-A827-0C1235AC2D73}.Debug|x64.ActiveCfg = Debug|x64
		{DB7CCFBB-ACC9-49AE-A827-0C1235AC2D73}.Debug|x64.Build.0 = Debug|x64
		{DB7CCFBB-ACC9-49AE-A827-0C1235AC2D73}.Release|x64.ActiveCfg = Release|x64
		{DB7CCFBB-ACC9-49AE-A827-0C1235AC2D73}.Release|x64.Build.0 = Release|x64
		{6FA2B56E-9B9D-4904-BCE2-8CB23943583B}.Debug|x64.ActiveCfg = Debug|x64
		{6FA2B56E-9B9D-4904-BCE2-8CB23943583B}.Debug|x64.Build.0 = Debug|x64
		{6FA2B56E-9B9D-4904-BCE2-8CB23943583B}.Release|x64.ActiveCfg = Release|x64
		{6FA2B56E-9B9D-4904-BCE2-8CB23943583B}.Release|x64.Build.0 = Release|x64
		{B2DDD554-F061-4144-BFB7-F1BF177F4C96}.Debug|x64.ActiveCfg = Debug|x64
		{B2DDD554-F061-4144-BFB7-F1BF177F4C96}.Debug|x64.Build.0 = Debug|x64
		{B2DDD554-F061-4144-BFB7-F1BF177F4C96}.Release|x64.ActiveCfg = Release|x64
		{B2DDD554-F061-4144-BFB7-F1BF177F4C96}.Release|x64.Build.0 = Release|x64
		{886A16BE-0846-4153-A012-AF23FAE453B9}.Debug|x64.ActiveCfg = Debug|x64
		{886A16BE-0846-4153-A012-AF23FAE453B9}.Debug|x64.Build.0 = Debug|x64
		{886A16BE-0846-4153-A012-AF23FAE453B9}.Release|x64.ActiveCfg = Release|x64
		{886A16BE-0846-4153-A012-AF23FAE453B9}.Release|x64.Build.0 = Release|x64
		{688847AD-0793-3920-BEB5-B9BB6FD7C13F}.Debug|x64.ActiveCfg = Debug|x64
		{688847AD-0793-3920-BEB5-B9BB6FD7C13F}.Debug|x64.Build.0 = Debug|x64
		{688847AD-0793-3920-BEB5-B9BB6FD7C13F}.Release|x64.ActiveCfg = Release|x64
		{688847AD-0793-3920-BEB5-B9BB6FD7C13F}.Release|x64.Build.0 = Release|x64
		{88E3559E-B633-412F-82C7-4CE9E7C8E408}.Debug|x64.ActiveCfg = Debug|x64
		{88E3559E-B633-412F-82C7-4CE9E7C8E408}.Debug|x64.Build.0 = Debug|x64
		{88E3559E-B633-412F-82C7-4CE9E7C8E408}.Release|x64.ActiveCfg = Release|x64
		{88E3559E-B633-412F-82C7-4CE9E7C8E408}.Release|x64.Build.0 = Release|x64
		{9E41B88D-531C-456C-9897-4722C9C2BE75}.Debug|x64.ActiveCfg = Debug|x64
		{9E41B88D-531C-456C-9897-4722C9C2BE75}.Debug|x64.Build.0 = Debug|x64
		{9E41B88D-531C-456C-9897-4722C9C2BE75}.Release|x64.ActiveCfg = Release|x64
		{9E41B88D-531C-456C-9897-4722C9C2BE75}.Release|x64.Build.0 = Release|x64
		{B526B7B7-EE43-4F8D-9A50-44D6DCE618FC}.Debug|x64.ActiveCfg = Debug|x64
		{B526B7B7-EE43-4F8D-9A50-44D6DCE618FC}.Debug|x64.Build.0 = Debug|x64
		{B526B7B7-EE43-4F8D-9A50-44D6DCE618FC}.Release|x64.ActiveCfg = Release|x64
		{B526B7B7-EE43-4F8D-9A50-44D6DCE618FC}.Release|x64.Build.0 = Release|x64
		{EBB073E7-0656-4AF0-BBC8-DB58D079F134}.Debug|x64.ActiveCfg = Debug|x64
		{EBB073E7-0656-4AF0-BBC8-DB58D079F134}.Debug|x64.Build.0 = Debug|x64
		{EBB073E7-0656-4AF0-BBC8-DB58D079F134}.Release|x64.ActiveCfg = Release|x64
		{EBB073E7-0656-4AF0-BBC8-DB58D079F134}.Release|x64.Build.0 = Release|x64
		{C34A439A-2260-46BE-B2F5-D556E234339E}.Debug|x64.ActiveCfg = Debug|x64
		{C34A439A-2260-46BE-B2F5-D556E234339E}.Debug|x64.Build.0 = Debug|x64
		{C34A439A-2260-46BE-B2F5-D556E234339E}.Release|x64.ActiveCfg = Release|x64
		{C34A439A-2260-46BE-B2F5-D556E234339E}.Release|x64.Build.0 = Release|x64
		{7571B506-CD66-444F-B40C-6FDFE3AE8AFC}.Debug|x64.ActiveCfg = Debug|x64
		{7571B506-CD66-444F-B40C-6FDFE3AE8AFC}.Debug|x64.Build.0 = Debug|x64
		{7571B506-CD66-444F-B40C-6FDFE3AE8AFC}.Release|x64.ActiveCfg = Release|x64
		{7571B506-CD66-444F-B40C-6FDFE3AE8AFC}.Release|x64.Build.0 = Release|x64
		{9CEAC729-344A-4710-B9C3-5A08955D53AA}.Debug|x64.ActiveCfg = Debug|x64
		{9CEAC729-344A-4710-B9C3-5A08955D53AA}.Debug|x64.Build.0 = Debug|x64
		{9CEAC729-344A-4710-B9C3-5A08955D53AA}.Release|x64.ActiveCfg = Release|x64
		{9CEAC729-344A-4710-B9C3-5A08955D53AA}.Release|x64.Build.0 = Release|x64
		{7DC7EBF4-E8EC-463A-B1A1-38258E5A99E7}.Debug|x64.ActiveCfg = Debug|x64
		{7DC7EBF4-E8EC-463A-B1A1-38258E5A99E7}.Debug|x64.Build.0 = Debug|x64
		{7DC7EBF4-E8EC-463A-B1A1-38258E5A99E7}.Release|x64.ActiveCfg = Release|x64
		{7DC7EBF4-E8EC-463A-B1A1-38258E5A99E7}.Release|x64.Build.0 = Release|x64
		{89DC3EA3-9065-4245-9DEE-2DE898409964}.Debug|x64.ActiveCfg = Debug|x64
		{89DC3EA3-9065-4245-9DEE-2DE898409964}.Debug|x64.Build.0 = Debug|x64
		{89DC3EA3-9065-4245-9DEE-2DE898409964}.Release|x64.ActiveCfg = Release|x64
		{89DC3EA3-9065-4245-9DEE-2DE898409964}.Release|x64.Build.0 = Release|x64
	EndGlobalSection
	GlobalSection(SolutionProperties) = preSolution
		HideSolutionNode = FALSE
	EndGlobalSection
	GlobalSection(NestedProjects) = preSolution
		{C77A529D-D263-45C7-BAD6-F5E07DE511B5} = {A08B94E3-25AB-4679-9898-035BAB1029E8}
		{5969AB1D-3891-4E8F-91AD-DF4E5B0EBADF} = {A08B94E3-25AB-4679-9898-035BAB1029E8}
		{98370A1A-2305-3AE1-8D6B-0841290DE59E} = {A08B94E3-25AB-4679-9898-035BAB1029E8}
		{30B09509-2893-3529-A441-F1C5EB136B61} = {A08B94E3-25AB-4679-9898-035BAB1029E8}
		{647FC820-E8BC-311B-A785-1D950EEE347F} = {A08B94E3-25AB-4679-9898-035BAB1029E8}
		{EE31D77A-1DCC-4572-BE99-2A750407F37A} = {28E66DA1-73D6-4F9F-A13C-F38E495031ED}
		{43F16DDF-AA6D-4FA5-8897-2D5EE35772C4} = {28E66DA1-73D6-4F9F-A13C-F38E495031ED}
		{7196B64F-E58F-4F14-AC6B-E7F3B605FBD3} = {28E66DA1-73D6-4F9F-A13C-F38E495031ED}
		{3ED3DDD1-BCD5-49B6-BFEA-6F8D9DE935E5} = {28E66DA1-73D6-4F9F-A13C-F38E495031ED}
		{DB7CCFBB-ACC9-49AE-A827-0C1235AC2D73} = {28E66DA1-73D6-4F9F-A13C-F38E495031ED}
		{6FA2B56E-9B9D-4904-BCE2-8CB23943583B} = {28E66DA1-73D6-4F9F-A13C-F38E495031ED}
		{B2DDD554-F061-4144-BFB7-F1BF177F4C96} = {28E66DA1-73D6-4F9F-A13C-F38E495031ED}
		{886A16BE-0846-4153-A012-AF23FAE453B9} = {28E66DA1-73D6-4F9F-A13C-F38E495031ED}
		{688847AD-0793-3920-BEB5-B9BB6FD7C13F} = {A08B94E3-25AB-4679-9898-035BAB1029E8}
		{88E3559E-B633-412F-82C7-4CE9E7C8E408} = {28E66DA1-73D6-4F9F-A13C-F38E495031ED}
		{9E41B88D-531C-456C-9897-4722C9C2BE75} = {28E66DA1-73D6-4F9F-A13C-F38E495031ED}
		{B526B7B7-EE43-4F8D-9A50-44D6DCE618FC} = {28E66DA1-73D6-4F9F-A13C-F38E495031ED}
		{EBB073E7-0656-4AF0-BBC8-DB58D079F134} = {28E66DA1-73D6-4F9F-A13C-F38E495031ED}
		{C34A439A-2260-46BE-B2F5-D556E234339E} = {28E66DA1-73D6-4F9F-A13C-F38E495031ED}
		{7571B506-CD66-444F-B40C-6FDFE3AE8AFC} = {28E66DA1-73D6-4F9F-A13C-F38E495031ED}
		{9CEAC729-344A-4710-B9C3-5A08955D53AA} = {28E66DA1-73D6-4F9F-A13C-F38E495031ED}
		{7DC7EBF4-E8EC-463A-B1A1-38258E5A99E7} = {28E66DA1-73D6-4F9F-A13C-F38E495031ED}
		{89DC3EA3-9065-4245-9DEE-2DE898409964} = {A08B94E3-25AB-4679-9898-035BAB1029E8}
	EndGlobalSection
	GlobalSection(ExtensibilityGlobals) = postSolution
		SolutionGuid = {75FFC0FF-5C09-3B79-B804-CC5186BD8E6D}
	EndGlobalSection
EndGlobal
